
Microsoft Visual Studio Solution File, Format Version 12.00
# Visual Studio 2013
VisualStudioVersion = 12.0.31101.0
MinimumVisualStudioVersion = 10.0.40219.1
Project("{FAE04EC0-301F-11D3-BF4B-00C04F79EFBC}") = "forms-m3-jquery-all-demos", "forms-m3-jquery-all-demos\forms-m3-jquery-all-demos.csproj", "{2350D17B-93CB-4E5A-AF47-B0A05E0F68D9}"
EndProject
Project("{FAE04EC0-301F-11D3-BF4B-00C04F79EFBC}") = "forms-m4-validation-demos", "forms-m4-validation-demos\forms-m4-validation-demos.csproj", "{DBAE5DA5-BBC4-4AF5-954F-4B6A4E2BA5C2}"
EndProject
Project("{FAE04EC0-301F-11D3-BF4B-00C04F79EFBC}") = "forms-m5-binding-demos", "forms-m5-binding-demos\forms-m5-binding-demos.csproj", "{3F3E5658-5AE0-4B11-A165-6C41B45627DA}"
EndProject
Project("{FAE04EC0-301F-11D3-BF4B-00C04F79EFBC}") = "forms-m6-components", "forms-m6-components\forms-m6-components.csproj", "{4DA7FCFD-2A16-4953-BD45-FFF1536508A3}"
EndProject
Project("{FAE04EC0-301F-11D3-BF4B-00C04F79EFBC}") = "forms-m7-autocomplete", "forms-m7-autocomplete\forms-m7-autocomplete.csproj", "{4F3FCB83-828E-43F6-B6FD-22CA3B8342E0}"
EndProject
Project("{FAE04EC0-301F-11D3-BF4B-00C04F79EFBC}") = "forms-m8-processing", "forms-m8-processing\forms-m8-processing.csproj", "{0B039BCC-979B-4E5C-A7F4-D42BAE5DEAEB}"
EndProject
Global
	GlobalSection(SolutionConfigurationPlatforms) = preSolution
		Debug|Any CPU = Debug|Any CPU
		Release|Any CPU = Release|Any CPU
	EndGlobalSection
	GlobalSection(ProjectConfigurationPlatforms) = postSolution
		{2350D17B-93CB-4E5A-AF47-B0A05E0F68D9}.Debug|Any CPU.ActiveCfg = Debug|Any CPU
		{2350D17B-93CB-4E5A-AF47-B0A05E0F68D9}.Debug|Any CPU.Build.0 = Debug|Any CPU
		{2350D17B-93CB-4E5A-AF47-B0A05E0F68D9}.Release|Any CPU.ActiveCfg = Release|Any CPU
		{2350D17B-93CB-4E5A-AF47-B0A05E0F68D9}.Release|Any CPU.Build.0 = Release|Any CPU
		{DBAE5DA5-BBC4-4AF5-954F-4B6A4E2BA5C2}.Debug|Any CPU.ActiveCfg = Debug|Any CPU
		{DBAE5DA5-BBC4-4AF5-954F-4B6A4E2BA5C2}.Debug|Any CPU.Build.0 = Debug|Any CPU
		{DBAE5DA5-BBC4-4AF5-954F-4B6A4E2BA5C2}.Release|Any CPU.ActiveCfg = Release|Any CPU
		{DBAE5DA5-BBC4-4AF5-954F-4B6A4E2BA5C2}.Release|Any CPU.Build.0 = Release|Any CPU
		{3F3E5658-5AE0-4B11-A165-6C41B45627DA}.Debug|Any CPU.ActiveCfg = Debug|Any CPU
		{3F3E5658-5AE0-4B11-A165-6C41B45627DA}.Debug|Any CPU.Build.0 = Debug|Any CPU
		{3F3E5658-5AE0-4B11-A165-6C41B45627DA}.Release|Any CPU.ActiveCfg = Release|Any CPU
		{3F3E5658-5AE0-4B11-A165-6C41B45627DA}.Release|Any CPU.Build.0 = Release|Any CPU
		{4DA7FCFD-2A16-4953-BD45-FFF1536508A3}.Debug|Any CPU.ActiveCfg = Debug|Any CPU
		{4DA7FCFD-2A16-4953-BD45-FFF1536508A3}.Debug|Any CPU.Build.0 = Debug|Any CPU
		{4DA7FCFD-2A16-4953-BD45-FFF1536508A3}.Release|Any CPU.ActiveCfg = Release|Any CPU
		{4DA7FCFD-2A16-4953-BD45-FFF1536508A3}.Release|Any CPU.Build.0 = Release|Any CPU
		{4F3FCB83-828E-43F6-B6FD-22CA3B8342E0}.Debug|Any CPU.ActiveCfg = Debug|Any CPU
		{4F3FCB83-828E-43F6-B6FD-22CA3B8342E0}.Debug|Any CPU.Build.0 = Debug|Any CPU
		{4F3FCB83-828E-43F6-B6FD-22CA3B8342E0}.Release|Any CPU.ActiveCfg = Release|Any CPU
		{4F3FCB83-828E-43F6-B6FD-22CA3B8342E0}.Release|Any CPU.Build.0 = Release|Any CPU
		{0B039BCC-979B-4E5C-A7F4-D42BAE5DEAEB}.Debug|Any CPU.ActiveCfg = Debug|Any CPU
		{0B039BCC-979B-4E5C-A7F4-D42BAE5DEAEB}.Debug|Any CPU.Build.0 = Debug|Any CPU
		{0B039BCC-979B-4E5C-A7F4-D42BAE5DEAEB}.Release|Any CPU.ActiveCfg = Release|Any CPU
		{0B039BCC-979B-4E5C-A7F4-D42BAE5DEAEB}.Release|Any CPU.Build.0 = Release|Any CPU
	EndGlobalSection
	GlobalSection(SolutionProperties) = preSolution
		HideSolutionNode = FALSE
	EndGlobalSection
EndGlobal
